
Microsoft Visual Studio Solution File, Format Version 12.00
# Visual Studio 15
Project("{FAE04EC0-301F-11D3-BF4B-00C04F79EFBC}") = "Assembly-CSharp", "Assembly-CSharp.csproj", "{FFFC218A-F5AC-8D5B-1D7D-5E61D91D60C2}"
EndProject
Project("{FAE04EC0-301F-11D3-BF4B-00C04F79EFBC}") = "Assembly-CSharp-Editor", "Assembly-CSharp-Editor.csproj", "{E1361040-D84A-FC5F-24DD-7D5519F4CDC3}"
EndProject
Global
	GlobalSection(SolutionConfigurationPlatforms) = preSolution
		Debug|Any CPU = Debug|Any CPU
		Release|Any CPU = Release|Any CPU
	EndGlobalSection
	GlobalSection(ProjectConfigurationPlatforms) = postSolution
		{FFFC218A-F5AC-8D5B-1D7D-5E61D91D60C2}.Debug|Any CPU.ActiveCfg = Debug|Any CPU
		{FFFC218A-F5AC-8D5B-1D7D-5E61D91D60C2}.Debug|Any CPU.Build.0 = Debug|Any CPU
		{FFFC218A-F5AC-8D5B-1D7D-5E61D91D60C2}.Release|Any CPU.ActiveCfg = Release|Any CPU
		{FFFC218A-F5AC-8D5B-1D7D-5E61D91D60C2}.Release|Any CPU.Build.0 = Release|Any CPU
		{E1361040-D84A-FC5F-24DD-7D5519F4CDC3}.Debug|Any CPU.ActiveCfg = Debug|Any CPU
		{E1361040-D84A-FC5F-24DD-7D5519F4CDC3}.Debug|Any CPU.Build.0 = Debug|Any CPU
		{E1361040-D84A-FC5F-24DD-7D5519F4CDC3}.Release|Any CPU.ActiveCfg = Release|Any CPU
		{E1361040-D84A-FC5F-24DD-7D5519F4CDC3}.Release|Any CPU.Build.0 = Release|Any CPU
	EndGlobalSection
	GlobalSection(SolutionProperties) = preSolution
		HideSolutionNode = FALSE
	EndGlobalSection
EndGlobal
